Microsoft Visual Studio Solution File, Format Version 12.00
# Visual Studio Version 16
VisualStudioVersion = 16.0.29102.190
MinimumVisualStudioVersion = 10.0.40219.1
Project("{FAE04EC0-301F-11D3-BF4B-00C04F79EFBC}") = "Curiculum Vitae", "Curiculum Vitae.csproj", "{604A5510-5D87-417D-85FD-9462EB7BCA20}"
EndProject
Global
	GlobalSection(SolutionConfigurationPlatforms) = preSolution
		Debug|Any CPU = Debug|Any CPU
		Release|Any CPU = Release|Any CPU
	EndGlobalSection
	GlobalSection(ProjectConfigurationPlatforms) = postSolution
		{604A5510-5D87-417D-85FD-9462EB7BCA20}.Debug|Any CPU.ActiveCfg = Debug|Any CPU
		{604A5510-5D87-417D-85FD-9462EB7BCA20}.Debug|Any CPU.Build.0 = Debug|Any CPU
		{604A5510-5D87-417D-85FD-9462EB7BCA20}.Release|Any CPU.ActiveCfg = Release|Any CPU
		{604A5510-5D87-417D-85FD-9462EB7BCA20}.Release|Any CPU.Build.0 = Release|Any CPU
	EndGlobalSection
	GlobalSection(SolutionProperties) = preSolution
		HideSolutionNode = FALSE
	EndGlobalSection
	GlobalSection(ExtensibilityGlobals) = postSolution
		SolutionGuid = {389FDB2F-BB46-484D-B135-1262F5C8AE1C}
	EndGlobalSection
EndGlobal
